<?xml version="1.0" encoding="utf-8"?>
<Project ToolsVersion="4.0" xmlns="http://schemas.microsoft.com/developer/msbuild/2003">
  <ItemGroup>
    <Filter Include="Source Files">
      <UniqueIdentifier>{4FC737F1-C7A5-4376-A066-2A32D752A2FF}</UniqueIdentifier>
      <Extensions>cpp;c;cc;cxx;def;odl;idl;hpj;bat;asm;asmx</Extensions>
    </Filter>
    <Filter Include="Header Files">
      <UniqueIdentifier>{93995380-89BD-4b04-88EB-625FBE52EBFB}</UniqueIdentifier>
      <Extensions>h;hh;hpp;hxx;hm;inl;inc;ipp;xsd</Extensions>
    </Filter>
    <Filter Include="Resource Files">
      <UniqueIdentifier>{67DA6AB6-F800-4c08-8B7A-83BB121AAD01}</UniqueIdentifier>
      <Extensions>rc;ico;cur;bmp;dlg;rc2;rct;bin;rgs;gif;jpg;jpeg;jpe;resx;tiff;tif;png;wav;mfcribbon-ms</Extensions>
    </Filter>
    <Filter Include="Header Files\engine">
      <UniqueIdentifier>{115e8688-415d-43eb-897b-aa00fec8de4c}</UniqueIdentifier>
    </Filter>
    <Filter Include="Header Files\engine\ECS">
      <UniqueIdentifier>{81fca13d-1c64-49d4-9760-85ebcdfaeba5}</UniqueIdentifier>
    </Filter>
    <Filter Include="Header Files\engine\globals">
      <UniqueIdentifier>{d61ac0f2-92be-48e3-a091-deb914b9ed95}</UniqueIdentifier>
    </Filter>
    <Filter Include="Header Files\engine\math">
      <UniqueIdentifier>{d8b0520d-6407-4ae7-a038-53ea9ec24ff4}</UniqueIdentifier>
    </Filter>
    <Filter Include="Source Files\engine">
      <UniqueIdentifier>{e2e82076-235f-4127-b56d-f1596e183402}</UniqueIdentifier>
    </Filter>
    <Filter Include="Source Files\engine\math">
      <UniqueIdentifier>{5e3d1e81-1091-428c-9d0a-c523a866638b}</UniqueIdentifier>
    </Filter>
  </ItemGroup>
  <ItemGroup>
    <ClCompile Include="main.cpp">
      <Filter>Source Files</Filter>
    </ClCompile>
    <ClCompile Include="engine\game.cpp">
      <Filter>Source Files\engine</Filter>
    </ClCompile>
    <ClCompile Include="engine\gameObject.cpp">
      <Filter>Source Files\engine</Filter>
    </ClCompile>
    <ClCompile Include="engine\textureManager.cpp">
      <Filter>Source Files\engine</Filter>
    </ClCompile>
    <ClCompile Include="engine\tileMap.cpp">
      <Filter>Source Files\engine</Filter>
    </ClCompile>
    <ClCompile Include="engine\math\vector2D.cpp">
      <Filter>Source Files\engine\math</Filter>
    </ClCompile>
    <ClCompile Include="engine\collision.cpp">
      <Filter>Source Files\engine</Filter>
    </ClCompile>
  </ItemGroup>
  <ItemGroup>
    <None Include="Makefile" />
  </ItemGroup>
  <ItemGroup>
    <ClInclude Include="engine\ECS\ECS.h">
      <Filter>Header Files\engine\ECS</Filter>
    </ClInclude>
    <ClInclude Include="engine\ECS\keyboardController.h">
      <Filter>Header Files\engine\ECS</Filter>
    </ClInclude>
    <ClInclude Include="engine\ECS\spriteComponent.h">
      <Filter>Header Files\engine\ECS</Filter>
    </ClInclude>
    <ClInclude Include="engine\ECS\transformComponent.h">
      <Filter>Header Files\engine\ECS</Filter>
    </ClInclude>
    <ClInclude Include="engine\global\defines.h">
      <Filter>Header Files\engine\globals</Filter>
    </ClInclude>
    <ClInclude Include="engine\global\globals.h">
      <Filter>Header Files\engine\globals</Filter>
    </ClInclude>
    <ClInclude Include="engine\math\vector2D.h">
      <Filter>Header Files\engine\math</Filter>
    </ClInclude>
    <ClInclude Include="engine\game.h">
      <Filter>Header Files\engine</Filter>
    </ClInclude>
    <ClInclude Include="engine\textureManager.h">
      <Filter>Header Files\engine</Filter>
    </ClInclude>
    <ClInclude Include="engine\tileMap.h">
      <Filter>Header Files\engine</Filter>
    </ClInclude>
    <ClInclude Include="engine\gameObject.h">
      <Filter>Header Files\engine</Filter>
    </ClInclude>
    <ClInclude Include="engine\ECS\colliderComponent.h">
      <Filter>Header Files\engine\ECS</Filter>
    </ClInclude>
    <ClInclude Include="engine\collision.h">
      <Filter>Header Files\engine</Filter>
    </ClInclude>
    <ClInclude Include="engine\ECS\components.h">
      <Filter>Header Files\engine\ECS</Filter>
    </ClInclude>
    <ClInclude Include="engine\ECS\tileComponent.h">
      <Filter>Header Files\engine\ECS</Filter>
    </ClInclude>
  </ItemGroup>
</Project>